
Microsoft Visual Studio Solution File, Format Version 12.00
# Visual Studio Version 17
VisualStudioVersion = 17.5.002.0
MinimumVisualStudioVersion = 10.0.40219.1
Project("{9A19103F-16F7-4668-BE54-9A1E7A4F7556}") = "Universe_Backend", "Universe_Backend.csproj", "{3EBA6E8A-EAFD-4DAA-96E3-CBAC44CED849}"
EndProject
Project("{FAE04EC0-301F-11D3-BF4B-00C04F79EFBC}") = "UltimateASPNETCoreWebAPI", "..\..\csharp\aspnetcore\UltimateASPNETCoreWebAPI\UltimateASPNETCoreWebAPI.csproj", "{53376059-421A-4877-9EAC-FE4C50A3A813}"
EndProject
Global
	GlobalSection(SolutionConfigurationPlatforms) = preSolution
		Debug|Any CPU = Debug|Any CPU
		Release|Any CPU = Release|Any CPU
	EndGlobalSection
	GlobalSection(ProjectConfigurationPlatforms) = postSolution
		{3EBA6E8A-EAFD-4DAA-96E3-CBAC44CED849}.Debug|Any CPU.ActiveCfg = Debug|Any CPU
		{3EBA6E8A-EAFD-4DAA-96E3-CBAC44CED849}.Debug|Any CPU.Build.0 = Debug|Any CPU
		{3EBA6E8A-EAFD-4DAA-96E3-CBAC44CED849}.Release|Any CPU.ActiveCfg = Release|Any CPU
		{3EBA6E8A-EAFD-4DAA-96E3-CBAC44CED849}.Release|Any CPU.Build.0 = Release|Any CPU
		{53376059-421A-4877-9EAC-FE4C50A3A813}.Debug|Any CPU.ActiveCfg = Debug|Any CPU
		{53376059-421A-4877-9EAC-FE4C50A3A813}.Debug|Any CPU.Build.0 = Debug|Any CPU
		{53376059-421A-4877-9EAC-FE4C50A3A813}.Release|Any CPU.ActiveCfg = Release|Any CPU
		{53376059-421A-4877-9EAC-FE4C50A3A813}.Release|Any CPU.Build.0 = Release|Any CPU
	EndGlobalSection
	GlobalSection(SolutionProperties) = preSolution
		HideSolutionNode = FALSE
	EndGlobalSection
	GlobalSection(ExtensibilityGlobals) = postSolution
		SolutionGuid = {4BA09CF3-6291-4717-9CE9-24D6CE7B1C7A}
	EndGlobalSection
EndGlobal
